// !$*UTF8*$!
{
	archiveVersion = 1;
	classes = {
	};
	objectVersion = 50;
	objects = {

/* Begin PBXBuildFile section */
		EA47AD0626EBCF7C0032D1D8 /* LoginViewPresenter.swift in Sources */ = {isa = PBXBuildFile; fileRef = EA47AD0526EBCF7C0032D1D8 /* LoginViewPresenter.swift */; };
		EA47AD0826EBD1A20032D1D8 /* NetworkService.swift in Sources */ = {isa = PBXBuildFile; fileRef = EA47AD0726EBD1A20032D1D8 /* NetworkService.swift */; };
		EA86943626F638410003DA6C /* NetworkConstants.swift in Sources */ = {isa = PBXBuildFile; fileRef = EA86943526F638410003DA6C /* NetworkConstants.swift */; };
		EA86943926F64F780003DA6C /* UserCredential.swift in Sources */ = {isa = PBXBuildFile; fileRef = EA86943826F64F780003DA6C /* UserCredential.swift */; };
		EA86943C26F659F10003DA6C /* GetTokenOperation.swift in Sources */ = {isa = PBXBuildFile; fileRef = EA86943B26F659F10003DA6C /* GetTokenOperation.swift */; };
		EA86943E26F65B7F0003DA6C /* GetUserDataOperation.swift in Sources */ = {isa = PBXBuildFile; fileRef = EA86943D26F65B7F0003DA6C /* GetUserDataOperation.swift */; };
		EA86944026F666160003DA6C /* UserData.swift in Sources */ = {isa = PBXBuildFile; fileRef = EA86943F26F666160003DA6C /* UserData.swift */; };
		EAB429FE26E3D5830035FDB7 /* UserInfoViewController.swift in Sources */ = {isa = PBXBuildFile; fileRef = EAB429FD26E3D5830035FDB7 /* UserInfoViewController.swift */; };
		EAC1D4EF26E3BE6900EA2E86 /* AppDelegate.swift in Sources */ = {isa = PBXBuildFile; fileRef = EAC1D4EE26E3BE6900EA2E86 /* AppDelegate.swift */; };
		EAC1D4F126E3BE6900EA2E86 /* SceneDelegate.swift in Sources */ = {isa = PBXBuildFile; fileRef = EAC1D4F026E3BE6900EA2E86 /* SceneDelegate.swift */; };
		EAC1D4F326E3BE6900EA2E86 /* LoginViewController.swift in Sources */ = {isa = PBXBuildFile; fileRef = EAC1D4F226E3BE6900EA2E86 /* LoginViewController.swift */; };
		EAC1D4F826E3BE6B00EA2E86 /* Assets.xcassets in Resources */ = {isa = PBXBuildFile; fileRef = EAC1D4F726E3BE6B00EA2E86 /* Assets.xcassets */; };
		EAC1D4FB26E3BE6B00EA2E86 /* LaunchScreen.storyboard in Resources */ = {isa = PBXBuildFile; fileRef = EAC1D4F926E3BE6B00EA2E86 /* LaunchScreen.storyboard */; };
		EAEFD2FF26F740490063935A /* NetworkErrors.swift in Sources */ = {isa = PBXBuildFile; fileRef = EAEFD2FE26F740490063935A /* NetworkErrors.swift */; };
		EAEFD30126F76E110063935A /* GetImageDataOperation.swift in Sources */ = {isa = PBXBuildFile; fileRef = EAEFD30026F76E110063935A /* GetImageDataOperation.swift */; };
/* End PBXBuildFile section */

/* Begin PBXFileReference section */
		EA47AD0526EBCF7C0032D1D8 /* LoginViewPresenter.swift */ = {isa = PBXFileReference; lastKnownFileType = sourcecode.swift; path = LoginViewPresenter.swift; sourceTree = "<group>"; };
		EA47AD0726EBD1A20032D1D8 /* NetworkService.swift */ = {isa = PBXFileReference; lastKnownFileType = sourcecode.swift; path = NetworkService.swift; sourceTree = "<group>"; };
		EA86943526F638410003DA6C /* NetworkConstants.swift */ = {isa = PBXFileReference; lastKnownFileType = sourcecode.swift; path = NetworkConstants.swift; sourceTree = "<group>"; };
		EA86943826F64F780003DA6C /* UserCredential.swift */ = {isa = PBXFileReference; lastKnownFileType = sourcecode.swift; path = UserCredential.swift; sourceTree = "<group>"; };
		EA86943B26F659F10003DA6C /* GetTokenOperation.swift */ = {isa = PBXFileReference; lastKnownFileType = sourcecode.swift; path = GetTokenOperation.swift; sourceTree = "<group>"; };
		EA86943D26F65B7F0003DA6C /* GetUserDataOperation.swift */ = {isa = PBXFileReference; lastKnownFileType = sourcecode.swift; path = GetUserDataOperation.swift; sourceTree = "<group>"; };
		EA86943F26F666160003DA6C /* UserData.swift */ = {isa = PBXFileReference; lastKnownFileType = sourcecode.swift; path = UserData.swift; sourceTree = "<group>"; };
		EAB429FD26E3D5830035FDB7 /* UserInfoViewController.swift */ = {isa = PBXFileReference; lastKnownFileType = sourcecode.swift; path = UserInfoViewController.swift; sourceTree = "<group>"; };
		EAC1D4EB26E3BE6900EA2E86 /* Swifty-companion.app */ = {isa = PBXFileReference; explicitFileType = wrapper.application; includeInIndex = 0; path = "Swifty-companion.app"; sourceTree = BUILT_PRODUCTS_DIR; };
		EAC1D4EE26E3BE6900EA2E86 /* AppDelegate.swift */ = {isa = PBXFileReference; lastKnownFileType = sourcecode.swift; path = AppDelegate.swift; sourceTree = "<group>"; };
		EAC1D4F026E3BE6900EA2E86 /* SceneDelegate.swift */ = {isa = PBXFileReference; lastKnownFileType = sourcecode.swift; path = SceneDelegate.swift; sourceTree = "<group>"; };
		EAC1D4F226E3BE6900EA2E86 /* LoginViewController.swift */ = {isa = PBXFileReference; lastKnownFileType = sourcecode.swift; path = LoginViewController.swift; sourceTree = "<group>"; };
		EAC1D4F726E3BE6B00EA2E86 /* Assets.xcassets */ = {isa = PBXFileReference; lastKnownFileType = folder.assetcatalog; path = Assets.xcassets; sourceTree = "<group>"; };
		EAC1D4FA26E3BE6B00EA2E86 /* Base */ = {isa = PBXFileReference; lastKnownFileType = file.storyboard; name = Base; path = Base.lproj/LaunchScreen.storyboard; sourceTree = "<group>"; };
		EAC1D4FC26E3BE6B00EA2E86 /* Info.plist */ = {isa = PBXFileReference; lastKnownFileType = text.plist.xml; path = Info.plist; sourceTree = "<group>"; };
		EAEFD2FE26F740490063935A /* NetworkErrors.swift */ = {isa = PBXFileReference; lastKnownFileType = sourcecode.swift; path = NetworkErrors.swift; sourceTree = "<group>"; };
		EAEFD30026F76E110063935A /* GetImageDataOperation.swift */ = {isa = PBXFileReference; lastKnownFileType = sourcecode.swift; path = GetImageDataOperation.swift; sourceTree = "<group>"; };
/* End PBXFileReference section */

/* Begin PBXFrameworksBuildPhase section */
		EAC1D4E826E3BE6900EA2E86 /* Frameworks */ = {
			isa = PBXFrameworksBuildPhase;
			buildActionMask = 2147483647;
			files = (
			);
			runOnlyForDeploymentPostprocessing = 0;
		};
/* End PBXFrameworksBuildPhase section */

/* Begin PBXGroup section */
		EA47AD0326EBCF470032D1D8 /* Supporting Files */ = {
			isa = PBXGroup;
			children = (
				EAC1D4F926E3BE6B00EA2E86 /* LaunchScreen.storyboard */,
				EAC1D4F726E3BE6B00EA2E86 /* Assets.xcassets */,
			);
			path = "Supporting Files";
			sourceTree = "<group>";
		};
		EA47AD0926EBD1C30032D1D8 /* Network */ = {
			isa = PBXGroup;
			children = (
				EA86943A26F659DC0003DA6C /* Operations */,
				EA47AD0726EBD1A20032D1D8 /* NetworkService.swift */,
				EA86943526F638410003DA6C /* NetworkConstants.swift */,
				EAEFD2FE26F740490063935A /* NetworkErrors.swift */,
			);
			path = Network;
			sourceTree = "<group>";
		};
		EA62253F26F242290032E92B /* Scenes */ = {
			isa = PBXGroup;
			children = (
				EA62254126F2428C0032E92B /* UserInfo */,
				EA62254026F242860032E92B /* Login */,
			);
			path = Scenes;
			sourceTree = "<group>";
		};
		EA62254026F242860032E92B /* Login */ = {
			isa = PBXGroup;
			children = (
				EAC1D4F226E3BE6900EA2E86 /* LoginViewController.swift */,
				EA47AD0526EBCF7C0032D1D8 /* LoginViewPresenter.swift */,
			);
			path = Login;
			sourceTree = "<group>";
		};
		EA62254126F2428C0032E92B /* UserInfo */ = {
			isa = PBXGroup;
			children = (
				EAB429FD26E3D5830035FDB7 /* UserInfoViewController.swift */,
			);
			path = UserInfo;
			sourceTree = "<group>";
		};
		EA62254226F242C10032E92B /* Common */ = {
			isa = PBXGroup;
			children = (
			);
			path = Common;
			sourceTree = "<group>";
		};
		EA86943A26F659DC0003DA6C /* Operations */ = {
			isa = PBXGroup;
			children = (
				EA86943B26F659F10003DA6C /* GetTokenOperation.swift */,
				EA86943D26F65B7F0003DA6C /* GetUserDataOperation.swift */,
				EAEFD30026F76E110063935A /* GetImageDataOperation.swift */,
			);
			path = Operations;
			sourceTree = "<group>";
		};
		EAC1D4E226E3BE6900EA2E86 = {
			isa = PBXGroup;
			children = (
				EAC1D4ED26E3BE6900EA2E86 /* Swifty-companion */,
				EAC1D4EC26E3BE6900EA2E86 /* Products */,
			);
			sourceTree = "<group>";
		};
		EAC1D4EC26E3BE6900EA2E86 /* Products */ = {
			isa = PBXGroup;
			children = (
				EAC1D4EB26E3BE6900EA2E86 /* Swifty-companion.app */,
			);
			name = Products;
			sourceTree = "<group>";
		};
		EAC1D4ED26E3BE6900EA2E86 /* Swifty-companion */ = {
			isa = PBXGroup;
			children = (
				EAC1D4EE26E3BE6900EA2E86 /* AppDelegate.swift */,
				EAC1D4F026E3BE6900EA2E86 /* SceneDelegate.swift */,
				EAC1D4FC26E3BE6B00EA2E86 /* Info.plist */,
				EA62253F26F242290032E92B /* Scenes */,
				EA47AD0926EBD1C30032D1D8 /* Network */,
				EAEFD30226F771B50063935A /* Models */,
				EA62254226F242C10032E92B /* Common */,
				EA47AD0326EBCF470032D1D8 /* Supporting Files */,
			);
			path = "Swifty-companion";
			sourceTree = "<group>";
		};
		EAEFD30226F771B50063935A /* Models */ = {
			isa = PBXGroup;
			children = (
				EA86943F26F666160003DA6C /* UserData.swift */,
				EA86943826F64F780003DA6C /* UserCredential.swift */,
			);
			path = Models;
			sourceTree = "<group>";
		};
/* End PBXGroup section */

/* Begin PBXNativeTarget section */
		EAC1D4EA26E3BE6900EA2E86 /* Swifty-companion */ = {
			isa = PBXNativeTarget;
			buildConfigurationList = EAC1D4FF26E3BE6B00EA2E86 /* Build configuration list for PBXNativeTarget "Swifty-companion" */;
			buildPhases = (
				EAC1D4E726E3BE6900EA2E86 /* Sources */,
				EAC1D4E826E3BE6900EA2E86 /* Frameworks */,
				EAC1D4E926E3BE6900EA2E86 /* Resources */,
			);
			buildRules = (
			);
			dependencies = (
			);
			name = "Swifty-companion";
			productName = "Swifty-companion";
			productReference = EAC1D4EB26E3BE6900EA2E86 /* Swifty-companion.app */;
			productType = "com.apple.product-type.application";
		};
/* End PBXNativeTarget section */

/* Begin PBXProject section */
		EAC1D4E326E3BE6900EA2E86 /* Project object */ = {
			isa = PBXProject;
			attributes = {
				LastSwiftUpdateCheck = 1250;
				LastUpgradeCheck = 1250;
				TargetAttributes = {
					EAC1D4EA26E3BE6900EA2E86 = {
						CreatedOnToolsVersion = 12.5;
					};
				};
			};
			buildConfigurationList = EAC1D4E626E3BE6900EA2E86 /* Build configuration list for PBXProject "Swifty-companion" */;
			compatibilityVersion = "Xcode 9.3";
			developmentRegion = en;
			hasScannedForEncodings = 0;
			knownRegions = (
				en,
				Base,
			);
			mainGroup = EAC1D4E226E3BE6900EA2E86;
			productRefGroup = EAC1D4EC26E3BE6900EA2E86 /* Products */;
			projectDirPath = "";
			projectRoot = "";
			targets = (
				EAC1D4EA26E3BE6900EA2E86 /* Swifty-companion */,
			);
		};
/* End PBXProject section */

/* Begin PBXResourcesBuildPhase section */
		EAC1D4E926E3BE6900EA2E86 /* Resources */ = {
			isa = PBXResourcesBuildPhase;
			buildActionMask = 2147483647;
			files = (
				EAC1D4FB26E3BE6B00EA2E86 /* LaunchScreen.storyboard in Resources */,
				EAC1D4F826E3BE6B00EA2E86 /* Assets.xcassets in Resources */,
			);
			runOnlyForDeploymentPostprocessing = 0;
		};
/* End PBXResourcesBuildPhase section */

/* Begin PBXSourcesBuildPhase section */
		EAC1D4E726E3BE6900EA2E86 /* Sources */ = {
			isa = PBXSourcesBuildPhase;
			buildActionMask = 2147483647;
			files = (
				EA47AD0626EBCF7C0032D1D8 /* LoginViewPresenter.swift in Sources */,
				EA86943E26F65B7F0003DA6C /* GetUserDataOperation.swift in Sources */,
				EA86943926F64F780003DA6C /* UserCredential.swift in Sources */,
				EAC1D4F326E3BE6900EA2E86 /* LoginViewController.swift in Sources */,
				EA86943626F638410003DA6C /* NetworkConstants.swift in Sources */,
				EAEFD2FF26F740490063935A /* NetworkErrors.swift in Sources */,
				EA86944026F666160003DA6C /* UserData.swift in Sources */,
				EAEFD30126F76E110063935A /* GetImageDataOperation.swift in Sources */,
				EA86943C26F659F10003DA6C /* GetTokenOperation.swift in Sources */,
				EAB429FE26E3D5830035FDB7 /* UserInfoViewController.swift in Sources */,
				EAC1D4EF26E3BE6900EA2E86 /* AppDelegate.swift in Sources */,
				EA47AD0826EBD1A20032D1D8 /* NetworkService.swift in Sources */,
				EAC1D4F126E3BE6900EA2E86 /* SceneDelegate.swift in Sources */,
			);
			runOnlyForDeploymentPostprocessing = 0;
		};
/* End PBXSourcesBuildPhase section */

/* Begin PBXVariantGroup section */
		EAC1D4F926E3BE6B00EA2E86 /* LaunchScreen.storyboard */ = {
			isa = PBXVariantGroup;
			children = (
				EAC1D4FA26E3BE6B00EA2E86 /* Base */,
			);
			name = LaunchScreen.storyboard;
			sourceTree = "<group>";
		};
/* End PBXVariantGroup section */

/* Begin XCBuildConfiguration section */
		EAC1D4FD26E3BE6B00EA2E86 /* Debug */ = {
			isa = XCBuildConfiguration;
			buildSettings = {
				ALWAYS_SEARCH_USER_PATHS = NO;
				CLANG_ANALYZER_NONNULL = YES;
				CLANG_ANALYZER_NUMBER_OBJECT_CONVERSION = YES_AGGRESSIVE;
				CLANG_CXX_LANGUAGE_STANDARD = "gnu++14";
				CLANG_CXX_LIBRARY = "libc++";
				CLANG_ENABLE_MODULES = YES;
				CLANG_ENABLE_OBJC_ARC = YES;
				CLANG_ENABLE_OBJC_WEAK = YES;
				CLANG_WARN_BLOCK_CAPTURE_AUTORELEASING = YES;
				CLANG_WARN_BOOL_CONVERSION = YES;
				CLANG_WARN_COMMA = YES;
				CLANG_WARN_CONSTANT_CONVERSION = YES;
				CLANG_WARN_DEPRECATED_OBJC_IMPLEMENTATIONS = YES;
				CLANG_WARN_DIRECT_OBJC_ISA_USAGE = YES_ERROR;
				CLANG_WARN_DOCUMENTATION_COMMENTS = YES;
				CLANG_WARN_EMPTY_BODY = YES;
				CLANG_WARN_ENUM_CONVERSION = YES;
				CLANG_WARN_INFINITE_RECURSION = YES;
				CLANG_WARN_INT_CONVERSION = YES;
				CLANG_WARN_NON_LITERAL_NULL_CONVERSION = YES;
				CLANG_WARN_OBJC_IMPLICIT_RETAIN_SELF = YES;
				CLANG_WARN_OBJC_LITERAL_CONVERSION = YES;
				CLANG_WARN_OBJC_ROOT_CLASS = YES_ERROR;
				CLANG_WARN_QUOTED_INCLUDE_IN_FRAMEWORK_HEADER = YES;
				CLANG_WARN_RANGE_LOOP_ANALYSIS = YES;
				CLANG_WARN_STRICT_PROTOTYPES = YES;
				CLANG_WARN_SUSPICIOUS_MOVE = YES;
				CLANG_WARN_UNGUARDED_AVAILABILITY = YES_AGGRESSIVE;
				CLANG_WARN_UNREACHABLE_CODE = YES;
				CLANG_WARN__DUPLICATE_METHOD_MATCH = YES;
				COPY_PHASE_STRIP = NO;
				DEBUG_INFORMATION_FORMAT = dwarf;
				ENABLE_STRICT_OBJC_MSGSEND = YES;
				ENABLE_TESTABILITY = YES;
				GCC_C_LANGUAGE_STANDARD = gnu11;
				GCC_DYNAMIC_NO_PIC = NO;
				GCC_NO_COMMON_BLOCKS = YES;
				GCC_OPTIMIZATION_LEVEL = 0;
				GCC_PREPROCESSOR_DEFINITIONS = (
					"DEBUG=1",
					"$(inherited)",
				);
				GCC_WARN_64_TO_32_BIT_CONVERSION = YES;
				GCC_WARN_ABOUT_RETURN_TYPE = YES_ERROR;
				GCC_WARN_UNDECLARED_SELECTOR = YES;
				GCC_WARN_UNINITIALIZED_AUTOS = YES_AGGRESSIVE;
				GCC_WARN_UNUSED_FUNCTION = YES;
				GCC_WARN_UNUSED_VARIABLE = YES;
				IPHONEOS_DEPLOYMENT_TARGET = 14.5;
				MTL_ENABLE_DEBUG_INFO = INCLUDE_SOURCE;
				MTL_FAST_MATH = YES;
				ONLY_ACTIVE_ARCH = YES;
				SDKROOT = iphoneos;
				SWIFT_ACTIVE_COMPILATION_CONDITIONS = DEBUG;
				SWIFT_OPTIMIZATION_LEVEL = "-Onone";
			};
			name = Debug;
		};
		EAC1D4FE26E3BE6B00EA2E86 /* Release */ = {
			isa = XCBuildConfiguration;
			buildSettings = {
				ALWAYS_SEARCH_USER_PATHS = NO;
				CLANG_ANALYZER_NONNULL = YES;
				CLANG_ANALYZER_NUMBER_OBJECT_CONVERSION = YES_AGGRESSIVE;
				CLANG_CXX_LANGUAGE_STANDARD = "gnu++14";
				CLANG_CXX_LIBRARY = "libc++";
				CLANG_ENABLE_MODULES = YES;
				CLANG_ENABLE_OBJC_ARC = YES;
				CLANG_ENABLE_OBJC_WEAK = YES;
				CLANG_WARN_BLOCK_CAPTURE_AUTORELEASING = YES;
				CLANG_WARN_BOOL_CONVERSION = YES;
				CLANG_WARN_COMMA = YES;
				CLANG_WARN_CONSTANT_CONVERSION = YES;
				CLANG_WARN_DEPRECATED_OBJC_IMPLEMENTATIONS = YES;
				CLANG_WARN_DIRECT_OBJC_ISA_USAGE = YES_ERROR;
				CLANG_WARN_DOCUMENTATION_COMMENTS = YES;
				CLANG_WARN_EMPTY_BODY = YES;
				CLANG_WARN_ENUM_CONVERSION = YES;
				CLANG_WARN_INFINITE_RECURSION = YES;
				CLANG_WARN_INT_CONVERSION = YES;
				CLANG_WARN_NON_LITERAL_NULL_CONVERSION = YES;
				CLANG_WARN_OBJC_IMPLICIT_RETAIN_SELF = YES;
				CLANG_WARN_OBJC_LITERAL_CONVERSION = YES;
				CLANG_WARN_OBJC_ROOT_CLASS = YES_ERROR;
				CLANG_WARN_QUOTED_INCLUDE_IN_FRAMEWORK_HEADER = YES;
				CLANG_WARN_RANGE_LOOP_ANALYSIS = YES;
				CLANG_WARN_STRICT_PROTOTYPES = YES;
				CLANG_WARN_SUSPICIOUS_MOVE = YES;
				CLANG_WARN_UNGUARDED_AVAILABILITY = YES_AGGRESSIVE;
				CLANG_WARN_UNREACHABLE_CODE = YES;
				CLANG_WARN__DUPLICATE_METHOD_MATCH = YES;
				COPY_PHASE_STRIP = NO;
				DEBUG_INFORMATION_FORMAT = "dwarf-with-dsym";
				ENABLE_NS_ASSERTIONS = NO;
				ENABLE_STRICT_OBJC_MSGSEND = YES;
				GCC_C_LANGUAGE_STANDARD = gnu11;
				GCC_NO_COMMON_BLOCKS = YES;
				GCC_WARN_64_TO_32_BIT_CONVERSION = YES;
				GCC_WARN_ABOUT_RETURN_TYPE = YES_ERROR;
				GCC_WARN_UNDECLARED_SELECTOR = YES;
				GCC_WARN_UNINITIALIZED_AUTOS = YES_AGGRESSIVE;
				GCC_WARN_UNUSED_FUNCTION = YES;
				GCC_WARN_UNUSED_VARIABLE = YES;
				IPHONEOS_DEPLOYMENT_TARGET = 14.5;
				MTL_ENABLE_DEBUG_INFO = NO;
				MTL_FAST_MATH = YES;
				SDKROOT = iphoneos;
				SWIFT_COMPILATION_MODE = wholemodule;
				SWIFT_OPTIMIZATION_LEVEL = "-O";
				VALIDATE_PRODUCT = YES;
			};
			name = Release;
		};
		EAC1D50026E3BE6B00EA2E86 /* Debug */ = {
			isa = XCBuildConfiguration;
			buildSettings = {
				ASSETCATALOG_COMPILER_APPICON_NAME = AppIcon;
				ASSETCATALOG_COMPILER_GLOBAL_ACCENT_COLOR_NAME = AccentColor;
				CODE_SIGN_STYLE = Automatic;
				DEVELOPMENT_TEAM = QKTHPR44C2;
				INFOPLIST_FILE = "Swifty-companion/Info.plist";
				LD_RUNPATH_SEARCH_PATHS = (
					"$(inherited)",
					"@executable_path/Frameworks",
				);
				PRODUCT_BUNDLE_IDENTIFIER = "com.vlad.salatt.Swifty-companion";
				PRODUCT_NAME = "$(TARGET_NAME)";
				SWIFT_VERSION = 5.0;
				TARGETED_DEVICE_FAMILY = "1,2";
			};
			name = Debug;
		};
		EAC1D50126E3BE6B00EA2E86 /* Release */ = {
			isa = XCBuildConfiguration;
			buildSettings = {
				ASSETCATALOG_COMPILER_APPICON_NAME = AppIcon;
				ASSETCATALOG_COMPILER_GLOBAL_ACCENT_COLOR_NAME = AccentColor;
				CODE_SIGN_STYLE = Automatic;
				DEVELOPMENT_TEAM = QKTHPR44C2;
				INFOPLIST_FILE = "Swifty-companion/Info.plist";
				LD_RUNPATH_SEARCH_PATHS = (
					"$(inherited)",
					"@executable_path/Frameworks",
				);
				PRODUCT_BUNDLE_IDENTIFIER = "com.vlad.salatt.Swifty-companion";
				PRODUCT_NAME = "$(TARGET_NAME)";
				SWIFT_VERSION = 5.0;
				TARGETED_DEVICE_FAMILY = "1,2";
			};
			name = Release;
		};
/* End XCBuildConfiguration section */

/* Begin XCConfigurationList section */
		EAC1D4E626E3BE6900EA2E86 /* Build configuration list for PBXProject "Swifty-companion" */ = {
			isa = XCConfigurationList;
			buildConfigurations = (
				EAC1D4FD26E3BE6B00EA2E86 /* Debug */,
				EAC1D4FE26E3BE6B00EA2E86 /* Release */,
			);
			defaultConfigurationIsVisible = 0;
			defaultConfigurationName = Release;
		};
		EAC1D4FF26E3BE6B00EA2E86 /* Build configuration list for PBXNativeTarget "Swifty-companion" */ = {
			isa = XCConfigurationList;
			buildConfigurations = (
				EAC1D50026E3BE6B00EA2E86 /* Debug */,
				EAC1D50126E3BE6B00EA2E86 /* Release */,
			);
			defaultConfigurationIsVisible = 0;
			defaultConfigurationName = Release;
		};
/* End XCConfigurationList section */
	};
	rootObject = EAC1D4E326E3BE6900EA2E86 /* Project object */;
}
